// !$*UTF8*$!
{
	archiveVersion = 1;
	classes = {
	};
	objectVersion = 51;
	objects = {

/* Begin PBXBuildFile section */
		2E4CFF48E9103A9F14046B24 /* Pods_MVVM_MVVMUITests.framework in Frameworks */ = {isa = PBXBuildFile; fileRef = 905169F2B2C987D087948FAE /* Pods_MVVM_MVVMUITests.framework */; };
		9F608A8E9113364ADA211459 /* Pods_MVVM.framework in Frameworks */ = {isa = PBXBuildFile; fileRef = EDF3816DCFC3EBC5DC6B6241 /* Pods_MVVM.framework */; };
		B9FC91956BBE98C111B9B21B /* Pods_MVVMTests.framework in Frameworks */ = {isa = PBXBuildFile; fileRef = 691C37AD6646E4DA6BF73B0C /* Pods_MVVMTests.framework */; };
		C0307D3826DD9E18009A2201 /* GithubService.swift in Sources */ = {isa = PBXBuildFile; fileRef = C0307D3726DD9E18009A2201 /* GithubService.swift */; };
		C0307D3A26DDA112009A2201 /* GithubSetting.swift in Sources */ = {isa = PBXBuildFile; fileRef = C0307D3926DDA112009A2201 /* GithubSetting.swift */; };
		C0307D3C26DDA897009A2201 /* GithubRepository.swift in Sources */ = {isa = PBXBuildFile; fileRef = C0307D3B26DDA897009A2201 /* GithubRepository.swift */; };
		C0307D3E26DDB6A5009A2201 /* ServiceError.swift in Sources */ = {isa = PBXBuildFile; fileRef = C0307D3D26DDB6A5009A2201 /* ServiceError.swift */; };
		C056EAF226E9A82C00E226D7 /* ViewController.swift in Sources */ = {isa = PBXBuildFile; fileRef = C056EAF126E9A82C00E226D7 /* ViewController.swift */; };
		C071587226DA14920038CCC7 /* AppDelegate.swift in Sources */ = {isa = PBXBuildFile; fileRef = C071587126DA14920038CCC7 /* AppDelegate.swift */; };
		C071587426DA14920038CCC7 /* SceneDelegate.swift in Sources */ = {isa = PBXBuildFile; fileRef = C071587326DA14920038CCC7 /* SceneDelegate.swift */; };
		C071587626DA14920038CCC7 /* GithubRepositoryViewController.swift in Sources */ = {isa = PBXBuildFile; fileRef = C071587526DA14920038CCC7 /* GithubRepositoryViewController.swift */; };
		C071587B26DA14950038CCC7 /* Assets.xcassets in Resources */ = {isa = PBXBuildFile; fileRef = C071587A26DA14950038CCC7 /* Assets.xcassets */; };
		C071587E26DA14950038CCC7 /* LaunchScreen.storyboard in Resources */ = {isa = PBXBuildFile; fileRef = C071587C26DA14950038CCC7 /* LaunchScreen.storyboard */; };
		C071588926DA14950038CCC7 /* MVVMTests.swift in Sources */ = {isa = PBXBuildFile; fileRef = C071588826DA14950038CCC7 /* MVVMTests.swift */; };
		C071589426DA14960038CCC7 /* MVVMUITests.swift in Sources */ = {isa = PBXBuildFile; fileRef = C071589326DA14960038CCC7 /* MVVMUITests.swift */; };
		C07158E226DA24770038CCC7 /* ViewType.swift in Sources */ = {isa = PBXBuildFile; fileRef = C07158E126DA24770038CCC7 /* ViewType.swift */; };
		C07158E426DA252C0038CCC7 /* ViewModelType.swift in Sources */ = {isa = PBXBuildFile; fileRef = C07158E326DA252C0038CCC7 /* ViewModelType.swift */; };
		C07158E726DA2AB20038CCC7 /* UIView+Size.swift in Sources */ = {isa = PBXBuildFile; fileRef = C07158E626DA2AB20038CCC7 /* UIView+Size.swift */; };
		C07158EB26DA2C820038CCC7 /* ServiceResult.swift in Sources */ = {isa = PBXBuildFile; fileRef = C07158EA26DA2C820038CCC7 /* ServiceResult.swift */; };
		C07DCD7C26E8B36700F6FB8E /* CoordinatorType.swift in Sources */ = {isa = PBXBuildFile; fileRef = C07DCD7B26E8B36700F6FB8E /* CoordinatorType.swift */; };
		C07DCD7F26E8B41600F6FB8E /* MainCoordinator.swift in Sources */ = {isa = PBXBuildFile; fileRef = C07DCD7E26E8B41600F6FB8E /* MainCoordinator.swift */; };
		C090E41F26E658750094CE24 /* Networking.swift in Sources */ = {isa = PBXBuildFile; fileRef = C090E41E26E658740094CE24 /* Networking.swift */; };
		C090E42126E6C1CC0094CE24 /* GithubViewModel.swift in Sources */ = {isa = PBXBuildFile; fileRef = C090E42026E6C1CC0094CE24 /* GithubViewModel.swift */; };
		C090E42526E6DE1C0094CE24 /* GithubService+Reactive.swift in Sources */ = {isa = PBXBuildFile; fileRef = C090E42426E6DE1C0094CE24 /* GithubService+Reactive.swift */; };
		C090E42826E6E6400094CE24 /* ReactiveViewController.swift in Sources */ = {isa = PBXBuildFile; fileRef = C090E42726E6E6400094CE24 /* ReactiveViewController.swift */; };
		C090E42D26E731F00094CE24 /* GithubRepositoryTableViewCell.swift in Sources */ = {isa = PBXBuildFile; fileRef = C090E42C26E731F00094CE24 /* GithubRepositoryTableViewCell.swift */; };
		C090E42F26E732900094CE24 /* TableViewCellType.swift in Sources */ = {isa = PBXBuildFile; fileRef = C090E42E26E732900094CE24 /* TableViewCellType.swift */; };
		C090E43226E75A430094CE24 /* ReactiveTextField.swift in Sources */ = {isa = PBXBuildFile; fileRef = C090E43126E75A430094CE24 /* ReactiveTextField.swift */; };
		C090E43426E8809E0094CE24 /* StringExtension.swift in Sources */ = {isa = PBXBuildFile; fileRef = C090E43326E8809E0094CE24 /* StringExtension.swift */; };
		C090E43726E882C10094CE24 /* WebViewViewController.swift in Sources */ = {isa = PBXBuildFile; fileRef = C090E43626E882C10094CE24 /* WebViewViewController.swift */; };
		C090E43A26E8838C0094CE24 /* WebViewViewModel.swift in Sources */ = {isa = PBXBuildFile; fileRef = C090E43926E8838C0094CE24 /* WebViewViewModel.swift */; };
		C0B37B9A26E893B7007F0815 /* WebView.swift in Sources */ = {isa = PBXBuildFile; fileRef = C0B37B9926E893B7007F0815 /* WebView.swift */; };
		C0B37B9C26E895DC007F0815 /* ReactiveWKWebview.swift in Sources */ = {isa = PBXBuildFile; fileRef = C0B37B9B26E895DC007F0815 /* ReactiveWKWebview.swift */; };
/* End PBXBuildFile section */

/* Begin PBXContainerItemProxy section */
		C071588526DA14950038CCC7 /* PBXContainerItemProxy */ = {
			isa = PBXContainerItemProxy;
			containerPortal = C071586626DA14920038CCC7 /* Project object */;
			proxyType = 1;
			remoteGlobalIDString = C071586D26DA14920038CCC7;
			remoteInfo = MVVM;
		};
		C071589026DA14960038CCC7 /* PBXContainerItemProxy */ = {
			isa = PBXContainerItemProxy;
			containerPortal = C071586626DA14920038CCC7 /* Project object */;
			proxyType = 1;
			remoteGlobalIDString = C071586D26DA14920038CCC7;
			remoteInfo = MVVM;
		};
/* End PBXContainerItemProxy section */

/* Begin PBXFileReference section */
		2AB3B386F390F5EA727CA45C /* Pods-MVVM.debug.xcconfig */ = {isa = PBXFileReference; includeInIndex = 1; lastKnownFileType = text.xcconfig; name = "Pods-MVVM.debug.xcconfig"; path = "Target Support Files/Pods-MVVM/Pods-MVVM.debug.xcconfig"; sourceTree = "<group>"; };
		53DB3A986EA05C8B18836D20 /* Pods-MVVM-MVVMUITests.release.xcconfig */ = {isa = PBXFileReference; includeInIndex = 1; lastKnownFileType = text.xcconfig; name = "Pods-MVVM-MVVMUITests.release.xcconfig"; path = "Target Support Files/Pods-MVVM-MVVMUITests/Pods-MVVM-MVVMUITests.release.xcconfig"; sourceTree = "<group>"; };
		691C37AD6646E4DA6BF73B0C /* Pods_MVVMTests.framework */ = {isa = PBXFileReference; explicitFileType = wrapper.framework; includeInIndex = 0; path = Pods_MVVMTests.framework; sourceTree = BUILT_PRODUCTS_DIR; };
		72B1B1A3FF3D39F5FD27E69D /* Pods-MVVM-MVVMUITests.debug.xcconfig */ = {isa = PBXFileReference; includeInIndex = 1; lastKnownFileType = text.xcconfig; name = "Pods-MVVM-MVVMUITests.debug.xcconfig"; path = "Target Support Files/Pods-MVVM-MVVMUITests/Pods-MVVM-MVVMUITests.debug.xcconfig"; sourceTree = "<group>"; };
		7AD9DB79FBAEBB0BAA276E7C /* Pods-MVVMTests.release.xcconfig */ = {isa = PBXFileReference; includeInIndex = 1; lastKnownFileType = text.xcconfig; name = "Pods-MVVMTests.release.xcconfig"; path = "Target Support Files/Pods-MVVMTests/Pods-MVVMTests.release.xcconfig"; sourceTree = "<group>"; };
		905169F2B2C987D087948FAE /* Pods_MVVM_MVVMUITests.framework */ = {isa = PBXFileReference; explicitFileType = wrapper.framework; includeInIndex = 0; path = Pods_MVVM_MVVMUITests.framework; sourceTree = BUILT_PRODUCTS_DIR; };
		99BB7E310DF6A687960B6EA7 /* Pods-MVVM.release.xcconfig */ = {isa = PBXFileReference; includeInIndex = 1; lastKnownFileType = text.xcconfig; name = "Pods-MVVM.release.xcconfig"; path = "Target Support Files/Pods-MVVM/Pods-MVVM.release.xcconfig"; sourceTree = "<group>"; };
		C0307D3726DD9E18009A2201 /* GithubService.swift */ = {isa = PBXFileReference; lastKnownFileType = sourcecode.swift; path = GithubService.swift; sourceTree = "<group>"; };
		C0307D3926DDA112009A2201 /* GithubSetting.swift */ = {isa = PBXFileReference; lastKnownFileType = sourcecode.swift; path = GithubSetting.swift; sourceTree = "<group>"; };
		C0307D3B26DDA897009A2201 /* GithubRepository.swift */ = {isa = PBXFileReference; lastKnownFileType = sourcecode.swift; path = GithubRepository.swift; sourceTree = "<group>"; };
		C0307D3D26DDB6A5009A2201 /* ServiceError.swift */ = {isa = PBXFileReference; lastKnownFileType = sourcecode.swift; path = ServiceError.swift; sourceTree = "<group>"; };
		C056EAF126E9A82C00E226D7 /* ViewController.swift */ = {isa = PBXFileReference; lastKnownFileType = sourcecode.swift; path = ViewController.swift; sourceTree = "<group>"; };
		C071586E26DA14920038CCC7 /* MVVM.app */ = {isa = PBXFileReference; explicitFileType = wrapper.application; includeInIndex = 0; path = MVVM.app; sourceTree = BUILT_PRODUCTS_DIR; };
		C071587126DA14920038CCC7 /* AppDelegate.swift */ = {isa = PBXFileReference; lastKnownFileType = sourcecode.swift; path = AppDelegate.swift; sourceTree = "<group>"; };
		C071587326DA14920038CCC7 /* SceneDelegate.swift */ = {isa = PBXFileReference; lastKnownFileType = sourcecode.swift; path = SceneDelegate.swift; sourceTree = "<group>"; };
		C071587526DA14920038CCC7 /* GithubRepositoryViewController.swift */ = {isa = PBXFileReference; lastKnownFileType = sourcecode.swift; path = GithubRepositoryViewController.swift; sourceTree = "<group>"; };
		C071587A26DA14950038CCC7 /* Assets.xcassets */ = {isa = PBXFileReference; lastKnownFileType = folder.assetcatalog; path = Assets.xcassets; sourceTree = "<group>"; };
		C071587D26DA14950038CCC7 /* Base */ = {isa = PBXFileReference; lastKnownFileType = file.storyboard; name = Base; path = Base.lproj/LaunchScreen.storyboard; sourceTree = "<group>"; };
		C071587F26DA14950038CCC7 /* Info.plist */ = {isa = PBXFileReference; lastKnownFileType = text.plist.xml; path = Info.plist; sourceTree = "<group>"; };
		C071588426DA14950038CCC7 /* MVVMTests.xctest */ = {isa = PBXFileReference; explicitFileType = wrapper.cfbundle; includeInIndex = 0; path = MVVMTests.xctest; sourceTree = BUILT_PRODUCTS_DIR; };
		C071588826DA14950038CCC7 /* MVVMTests.swift */ = {isa = PBXFileReference; lastKnownFileType = sourcecode.swift; path = MVVMTests.swift; sourceTree = "<group>"; };
		C071588A26DA14960038CCC7 /* Info.plist */ = {isa = PBXFileReference; lastKnownFileType = text.plist.xml; path = Info.plist; sourceTree = "<group>"; };
		C071588F26DA14960038CCC7 /* MVVMUITests.xctest */ = {isa = PBXFileReference; explicitFileType = wrapper.cfbundle; includeInIndex = 0; path = MVVMUITests.xctest; sourceTree = BUILT_PRODUCTS_DIR; };
		C071589326DA14960038CCC7 /* MVVMUITests.swift */ = {isa = PBXFileReference; lastKnownFileType = sourcecode.swift; path = MVVMUITests.swift; sourceTree = "<group>"; };
		C071589526DA14960038CCC7 /* Info.plist */ = {isa = PBXFileReference; lastKnownFileType = text.plist.xml; path = Info.plist; sourceTree = "<group>"; };
		C07158E126DA24770038CCC7 /* ViewType.swift */ = {isa = PBXFileReference; lastKnownFileType = sourcecode.swift; path = ViewType.swift; sourceTree = "<group>"; };
		C07158E326DA252C0038CCC7 /* ViewModelType.swift */ = {isa = PBXFileReference; lastKnownFileType = sourcecode.swift; path = ViewModelType.swift; sourceTree = "<group>"; };
		C07158E626DA2AB20038CCC7 /* UIView+Size.swift */ = {isa = PBXFileReference; lastKnownFileType = sourcecode.swift; path = "UIView+Size.swift"; sourceTree = "<group>"; };
		C07158EA26DA2C820038CCC7 /* ServiceResult.swift */ = {isa = PBXFileReference; lastKnownFileType = sourcecode.swift; path = ServiceResult.swift; sourceTree = "<group>"; };
		C07DCD7B26E8B36700F6FB8E /* CoordinatorType.swift */ = {isa = PBXFileReference; lastKnownFileType = sourcecode.swift; path = CoordinatorType.swift; sourceTree = "<group>"; };
		C07DCD7E26E8B41600F6FB8E /* MainCoordinator.swift */ = {isa = PBXFileReference; lastKnownFileType = sourcecode.swift; path = MainCoordinator.swift; sourceTree = "<group>"; };
		C090E41E26E658740094CE24 /* Networking.swift */ = {isa = PBXFileReference; lastKnownFileType = sourcecode.swift; path = Networking.swift; sourceTree = "<group>"; };
		C090E42026E6C1CC0094CE24 /* GithubViewModel.swift */ = {isa = PBXFileReference; lastKnownFileType = sourcecode.swift; path = GithubViewModel.swift; sourceTree = "<group>"; };
		C090E42426E6DE1C0094CE24 /* GithubService+Reactive.swift */ = {isa = PBXFileReference; lastKnownFileType = sourcecode.swift; path = "GithubService+Reactive.swift"; sourceTree = "<group>"; };
		C090E42726E6E6400094CE24 /* ReactiveViewController.swift */ = {isa = PBXFileReference; lastKnownFileType = sourcecode.swift; path = ReactiveViewController.swift; sourceTree = "<group>"; };
		C090E42C26E731F00094CE24 /* GithubRepositoryTableViewCell.swift */ = {isa = PBXFileReference; lastKnownFileType = sourcecode.swift; path = GithubRepositoryTableViewCell.swift; sourceTree = "<group>"; };
		C090E42E26E732900094CE24 /* TableViewCellType.swift */ = {isa = PBXFileReference; lastKnownFileType = sourcecode.swift; path = TableViewCellType.swift; sourceTree = "<group>"; };
		C090E43126E75A430094CE24 /* ReactiveTextField.swift */ = {isa = PBXFileReference; lastKnownFileType = sourcecode.swift; path = ReactiveTextField.swift; sourceTree = "<group>"; };
		C090E43326E8809E0094CE24 /* StringExtension.swift */ = {isa = PBXFileReference; lastKnownFileType = sourcecode.swift; path = StringExtension.swift; sourceTree = "<group>"; };
		C090E43626E882C10094CE24 /* WebViewViewController.swift */ = {isa = PBXFileReference; lastKnownFileType = sourcecode.swift; path = WebViewViewController.swift; sourceTree = "<group>"; };
		C090E43926E8838C0094CE24 /* WebViewViewModel.swift */ = {isa = PBXFileReference; lastKnownFileType = sourcecode.swift; path = WebViewViewModel.swift; sourceTree = "<group>"; };
		C0B37B9926E893B7007F0815 /* WebView.swift */ = {isa = PBXFileReference; lastKnownFileType = sourcecode.swift; path = WebView.swift; sourceTree = "<group>"; };
		C0B37B9B26E895DC007F0815 /* ReactiveWKWebview.swift */ = {isa = PBXFileReference; lastKnownFileType = sourcecode.swift; path = ReactiveWKWebview.swift; sourceTree = "<group>"; };
		E720293772CAA31DEA24ED30 /* Pods-MVVMTests.debug.xcconfig */ = {isa = PBXFileReference; includeInIndex = 1; lastKnownFileType = text.xcconfig; name = "Pods-MVVMTests.debug.xcconfig"; path = "Target Support Files/Pods-MVVMTests/Pods-MVVMTests.debug.xcconfig"; sourceTree = "<group>"; };
		EDF3816DCFC3EBC5DC6B6241 /* Pods_MVVM.framework */ = {isa = PBXFileReference; explicitFileType = wrapper.framework; includeInIndex = 0; path = Pods_MVVM.framework; sourceTree = BUILT_PRODUCTS_DIR; };
/* End PBXFileReference section */

/* Begin PBXFrameworksBuildPhase section */
		C071586B26DA14920038CCC7 /* Frameworks */ = {
			isa = PBXFrameworksBuildPhase;
			buildActionMask = 2147483647;
			files = (
				9F608A8E9113364ADA211459 /* Pods_MVVM.framework in Frameworks */,
			);
			runOnlyForDeploymentPostprocessing = 0;
		};
		C071588126DA14950038CCC7 /* Frameworks */ = {
			isa = PBXFrameworksBuildPhase;
			buildActionMask = 2147483647;
			files = (
				B9FC91956BBE98C111B9B21B /* Pods_MVVMTests.framework in Frameworks */,
			);
			runOnlyForDeploymentPostprocessing = 0;
		};
		C071588C26DA14960038CCC7 /* Frameworks */ = {
			isa = PBXFrameworksBuildPhase;
			buildActionMask = 2147483647;
			files = (
				2E4CFF48E9103A9F14046B24 /* Pods_MVVM_MVVMUITests.framework in Frameworks */,
			);
			runOnlyForDeploymentPostprocessing = 0;
		};
/* End PBXFrameworksBuildPhase section */

/* Begin PBXGroup section */
		2B36DAF4DA07A93580009621 /* Pods */ = {
			isa = PBXGroup;
			children = (
				2AB3B386F390F5EA727CA45C /* Pods-MVVM.debug.xcconfig */,
				99BB7E310DF6A687960B6EA7 /* Pods-MVVM.release.xcconfig */,
				72B1B1A3FF3D39F5FD27E69D /* Pods-MVVM-MVVMUITests.debug.xcconfig */,
				53DB3A986EA05C8B18836D20 /* Pods-MVVM-MVVMUITests.release.xcconfig */,
				E720293772CAA31DEA24ED30 /* Pods-MVVMTests.debug.xcconfig */,
				7AD9DB79FBAEBB0BAA276E7C /* Pods-MVVMTests.release.xcconfig */,
			);
			path = Pods;
			sourceTree = "<group>";
		};
		9C7894185EC0455EDCED9F6A /* Frameworks */ = {
			isa = PBXGroup;
			children = (
				EDF3816DCFC3EBC5DC6B6241 /* Pods_MVVM.framework */,
				905169F2B2C987D087948FAE /* Pods_MVVM_MVVMUITests.framework */,
				691C37AD6646E4DA6BF73B0C /* Pods_MVVMTests.framework */,
			);
			name = Frameworks;
			sourceTree = "<group>";
		};
		C071586526DA14920038CCC7 = {
			isa = PBXGroup;
			children = (
				C071587026DA14920038CCC7 /* MVVM */,
				C071588726DA14950038CCC7 /* MVVMTests */,
				C071589226DA14960038CCC7 /* MVVMUITests */,
				C071586F26DA14920038CCC7 /* Products */,
				2B36DAF4DA07A93580009621 /* Pods */,
				9C7894185EC0455EDCED9F6A /* Frameworks */,
			);
			sourceTree = "<group>";
		};
		C071586F26DA14920038CCC7 /* Products */ = {
			isa = PBXGroup;
			children = (
				C071586E26DA14920038CCC7 /* MVVM.app */,
				C071588426DA14950038CCC7 /* MVVMTests.xctest */,
				C071588F26DA14960038CCC7 /* MVVMUITests.xctest */,
			);
			name = Products;
			sourceTree = "<group>";
		};
		C071587026DA14920038CCC7 /* MVVM */ = {
			isa = PBXGroup;
			children = (
				C07DCD7A26E8B34D00F6FB8E /* Coordinator */,
				C07158E026DA242F0038CCC7 /* Model */,
				C07158DD26DA240E0038CCC7 /* View */,
				C07158DE26DA24190038CCC7 /* ViewModel */,
				C07158DF26DA24230038CCC7 /* Service */,
				C07158EC26DA2EC50038CCC7 /* Resource */,
				C090E42626E6E61E0094CE24 /* Utility */,
				C071587126DA14920038CCC7 /* AppDelegate.swift */,
				C071587326DA14920038CCC7 /* SceneDelegate.swift */,
			);
			path = MVVM;
			sourceTree = "<group>";
		};
		C071588726DA14950038CCC7 /* MVVMTests */ = {
			isa = PBXGroup;
			children = (
				C071588826DA14950038CCC7 /* MVVMTests.swift */,
				C071588A26DA14960038CCC7 /* Info.plist */,
			);
			path = MVVMTests;
			sourceTree = "<group>";
		};
		C071589226DA14960038CCC7 /* MVVMUITests */ = {
			isa = PBXGroup;
			children = (
				C071589326DA14960038CCC7 /* MVVMUITests.swift */,
				C071589526DA14960038CCC7 /* Info.plist */,
			);
			path = MVVMUITests;
			sourceTree = "<group>";
		};
		C07158DD26DA240E0038CCC7 /* View */ = {
			isa = PBXGroup;
			children = (
				C090E43526E882A10094CE24 /* WebView */,
				C090E43026E734920094CE24 /* GithubRepository */,
				C07158E526DA2A910038CCC7 /* Base */,
			);
			path = View;
			sourceTree = "<group>";
		};
		C07158DE26DA24190038CCC7 /* ViewModel */ = {
			isa = PBXGroup;
			children = (
				C07158E826DA2BC50038CCC7 /* Base */,
				C090E42026E6C1CC0094CE24 /* GithubViewModel.swift */,
				C090E43926E8838C0094CE24 /* WebViewViewModel.swift */,
			);
			path = ViewModel;
			sourceTree = "<group>";
		};
		C07158DF26DA24230038CCC7 /* Service */ = {
			isa = PBXGroup;
			children = (
				C07158E926DA2C740038CCC7 /* Base */,
				C0307D3726DD9E18009A2201 /* GithubService.swift */,
				C090E42426E6DE1C0094CE24 /* GithubService+Reactive.swift */,
			);
			path = Service;
			sourceTree = "<group>";
		};
		C07158E026DA242F0038CCC7 /* Model */ = {
			isa = PBXGroup;
			children = (
				C0307D3926DDA112009A2201 /* GithubSetting.swift */,
				C0307D3B26DDA897009A2201 /* GithubRepository.swift */,
			);
			path = Model;
			sourceTree = "<group>";
		};
		C07158E526DA2A910038CCC7 /* Base */ = {
			isa = PBXGroup;
			children = (
				C07158E126DA24770038CCC7 /* ViewType.swift */,
				C07158E626DA2AB20038CCC7 /* UIView+Size.swift */,
				C0B37B9926E893B7007F0815 /* WebView.swift */,
				C056EAF126E9A82C00E226D7 /* ViewController.swift */,
			);
			path = Base;
			sourceTree = "<group>";
		};
		C07158E826DA2BC50038CCC7 /* Base */ = {
			isa = PBXGroup;
			children = (
				C07158E326DA252C0038CCC7 /* ViewModelType.swift */,
			);
			path = Base;
			sourceTree = "<group>";
		};
		C07158E926DA2C740038CCC7 /* Base */ = {
			isa = PBXGroup;
			children = (
				C0307D3D26DDB6A5009A2201 /* ServiceError.swift */,
				C07158EA26DA2C820038CCC7 /* ServiceResult.swift */,
				C090E41E26E658740094CE24 /* Networking.swift */,
			);
			path = Base;
			sourceTree = "<group>";
		};
		C07158EC26DA2EC50038CCC7 /* Resource */ = {
			isa = PBXGroup;
			children = (
				C071587A26DA14950038CCC7 /* Assets.xcassets */,
				C071587C26DA14950038CCC7 /* LaunchScreen.storyboard */,
				C071587F26DA14950038CCC7 /* Info.plist */,
			);
			path = Resource;
			sourceTree = "<group>";
		};
		C07DCD7A26E8B34D00F6FB8E /* Coordinator */ = {
			isa = PBXGroup;
			children = (
				C07DCD7D26E8B36C00F6FB8E /* Base */,
				C07DCD7E26E8B41600F6FB8E /* MainCoordinator.swift */,
			);
			path = Coordinator;
			sourceTree = "<group>";
		};
		C07DCD7D26E8B36C00F6FB8E /* Base */ = {
			isa = PBXGroup;
			children = (
				C07DCD7B26E8B36700F6FB8E /* CoordinatorType.swift */,
			);
			path = Base;
			sourceTree = "<group>";
		};
		C090E42626E6E61E0094CE24 /* Utility */ = {
			isa = PBXGroup;
			children = (
				C090E42726E6E6400094CE24 /* ReactiveViewController.swift */,
				C090E42E26E732900094CE24 /* TableViewCellType.swift */,
				C090E43126E75A430094CE24 /* ReactiveTextField.swift */,
				C090E43326E8809E0094CE24 /* StringExtension.swift */,
				C0B37B9B26E895DC007F0815 /* ReactiveWKWebview.swift */,
			);
			path = Utility;
			sourceTree = "<group>";
		};
		C090E43026E734920094CE24 /* GithubRepository */ = {
			isa = PBXGroup;
			children = (
				C071587526DA14920038CCC7 /* GithubRepositoryViewController.swift */,
				C090E42C26E731F00094CE24 /* GithubRepositoryTableViewCell.swift */,
			);
			path = GithubRepository;
			sourceTree = "<group>";
		};
		C090E43526E882A10094CE24 /* WebView */ = {
			isa = PBXGroup;
			children = (
				C090E43626E882C10094CE24 /* WebViewViewController.swift */,
			);
			path = WebView;
			sourceTree = "<group>";
		};
/* End PBXGroup section */

/* Begin PBXNativeTarget section */
		C071586D26DA14920038CCC7 /* MVVM */ = {
			isa = PBXNativeTarget;
			buildConfigurationList = C071589826DA14960038CCC7 /* Build configuration list for PBXNativeTarget "MVVM" */;
			buildPhases = (
				C76875229B6BBDBE23905459 /* [CP] Check Pods Manifest.lock */,
				C071586A26DA14920038CCC7 /* Sources */,
				C071586B26DA14920038CCC7 /* Frameworks */,
				C071586C26DA14920038CCC7 /* Resources */,
				64C8CD3C3FAB3A9FA1903220 /* [CP] Embed Pods Frameworks */,
			);
			buildRules = (
			);
			dependencies = (
			);
			name = MVVM;
			productName = MVVM;
			productReference = C071586E26DA14920038CCC7 /* MVVM.app */;
			productType = "com.apple.product-type.application";
		};
		C071588326DA14950038CCC7 /* MVVMTests */ = {
			isa = PBXNativeTarget;
			buildConfigurationList = C071589B26DA14960038CCC7 /* Build configuration list for PBXNativeTarget "MVVMTests" */;
			buildPhases = (
				6D7E8B4B2D3257B841B7335E /* [CP] Check Pods Manifest.lock */,
				C071588026DA14950038CCC7 /* Sources */,
				C071588126DA14950038CCC7 /* Frameworks */,
				C071588226DA14950038CCC7 /* Resources */,
				4F524FD964D2EC51BE2DB409 /* [CP] Embed Pods Frameworks */,
			);
			buildRules = (
			);
			dependencies = (
				C071588626DA14950038CCC7 /* PBXTargetDependency */,
			);
			name = MVVMTests;
			productName = MVVMTests;
			productReference = C071588426DA14950038CCC7 /* MVVMTests.xctest */;
			productType = "com.apple.product-type.bundle.unit-test";
		};
		C071588E26DA14960038CCC7 /* MVVMUITests */ = {
			isa = PBXNativeTarget;
			buildConfigurationList = C071589E26DA14960038CCC7 /* Build configuration list for PBXNativeTarget "MVVMUITests" */;
			buildPhases = (
				81B93492A52485D061615708 /* [CP] Check Pods Manifest.lock */,
				C071588B26DA14960038CCC7 /* Sources */,
				C071588C26DA14960038CCC7 /* Frameworks */,
				C071588D26DA14960038CCC7 /* Resources */,
				C69DEE29750B5FC377BC4A49 /* [CP] Embed Pods Frameworks */,
			);
			buildRules = (
			);
			dependencies = (
				C071589126DA14960038CCC7 /* PBXTargetDependency */,
			);
			name = MVVMUITests;
			productName = MVVMUITests;
			productReference = C071588F26DA14960038CCC7 /* MVVMUITests.xctest */;
			productType = "com.apple.product-type.bundle.ui-testing";
		};
/* End PBXNativeTarget section */

/* Begin PBXProject section */
		C071586626DA14920038CCC7 /* Project object */ = {
			isa = PBXProject;
			attributes = {
				LastSwiftUpdateCheck = 1250;
				LastUpgradeCheck = 1250;
				TargetAttributes = {
					C071586D26DA14920038CCC7 = {
						CreatedOnToolsVersion = 12.5.1;
					};
					C071588326DA14950038CCC7 = {
						CreatedOnToolsVersion = 12.5.1;
						TestTargetID = C071586D26DA14920038CCC7;
					};
					C071588E26DA14960038CCC7 = {
						CreatedOnToolsVersion = 12.5.1;
						TestTargetID = C071586D26DA14920038CCC7;
					};
				};
			};
			buildConfigurationList = C071586926DA14920038CCC7 /* Build configuration list for PBXProject "MVVM" */;
			compatibilityVersion = "Xcode 9.3";
			developmentRegion = en;
			hasScannedForEncodings = 0;
			knownRegions = (
				en,
				Base,
			);
			mainGroup = C071586526DA14920038CCC7;
			productRefGroup = C071586F26DA14920038CCC7 /* Products */;
			projectDirPath = "";
			projectRoot = "";
			targets = (
				C071586D26DA14920038CCC7 /* MVVM */,
				C071588326DA14950038CCC7 /* MVVMTests */,
				C071588E26DA14960038CCC7 /* MVVMUITests */,
			);
		};
/* End PBXProject section */

/* Begin PBXResourcesBuildPhase section */
		C071586C26DA14920038CCC7 /* Resources */ = {
			isa = PBXResourcesBuildPhase;
			buildActionMask = 2147483647;
			files = (
				C071587E26DA14950038CCC7 /* LaunchScreen.storyboard in Resources */,
				C071587B26DA14950038CCC7 /* Assets.xcassets in Resources */,
			);
			runOnlyForDeploymentPostprocessing = 0;
		};
		C071588226DA14950038CCC7 /* Resources */ = {
			isa = PBXResourcesBuildPhase;
			buildActionMask = 2147483647;
			files = (
			);
			runOnlyForDeploymentPostprocessing = 0;
		};
		C071588D26DA14960038CCC7 /* Resources */ = {
			isa = PBXResourcesBuildPhase;
			buildActionMask = 2147483647;
			files = (
			);
			runOnlyForDeploymentPostprocessing = 0;
		};
/* End PBXResourcesBuildPhase section */

/* Begin PBXShellScriptBuildPhase section */
		4F524FD964D2EC51BE2DB409 /* [CP] Embed Pods Frameworks */ = {
			isa = PBXShellScriptBuildPhase;
			buildActionMask = 2147483647;
			files = (
			);
			inputFileListPaths = (
				"${PODS_ROOT}/Target Support Files/Pods-MVVMTests/Pods-MVVMTests-frameworks-${CONFIGURATION}-input-files.xcfilelist",
			);
			name = "[CP] Embed Pods Frameworks";
			outputFileListPaths = (
				"${PODS_ROOT}/Target Support Files/Pods-MVVMTests/Pods-MVVMTests-frameworks-${CONFIGURATION}-output-files.xcfilelist",
			);
			runOnlyForDeploymentPostprocessing = 0;
			shellPath = /bin/sh;
			shellScript = "\"${PODS_ROOT}/Target Support Files/Pods-MVVMTests/Pods-MVVMTests-frameworks.sh\"\n";
			showEnvVarsInLog = 0;
		};
		64C8CD3C3FAB3A9FA1903220 /* [CP] Embed Pods Frameworks */ = {
			isa = PBXShellScriptBuildPhase;
			buildActionMask = 2147483647;
			files = (
			);
			inputFileListPaths = (
				"${PODS_ROOT}/Target Support Files/Pods-MVVM/Pods-MVVM-frameworks-${CONFIGURATION}-input-files.xcfilelist",
			);
			name = "[CP] Embed Pods Frameworks";
			outputFileListPaths = (
				"${PODS_ROOT}/Target Support Files/Pods-MVVM/Pods-MVVM-frameworks-${CONFIGURATION}-output-files.xcfilelist",
			);
			runOnlyForDeploymentPostprocessing = 0;
			shellPath = /bin/sh;
			shellScript = "\"${PODS_ROOT}/Target Support Files/Pods-MVVM/Pods-MVVM-frameworks.sh\"\n";
			showEnvVarsInLog = 0;
		};
		6D7E8B4B2D3257B841B7335E /* [CP] Check Pods Manifest.lock */ = {
			isa = PBXShellScriptBuildPhase;
			buildActionMask = 2147483647;
			files = (
			);
			inputFileListPaths = (
			);
			inputPaths = (
				"${PODS_PODFILE_DIR_PATH}/Podfile.lock",
				"${PODS_ROOT}/Manifest.lock",
			);
			name = "[CP] Check Pods Manifest.lock";
			outputFileListPaths = (
			);
			outputPaths = (
				"$(DERIVED_FILE_DIR)/Pods-MVVMTests-checkManifestLockResult.txt",
			);
			runOnlyForDeploymentPostprocessing = 0;
			shellPath = /bin/sh;
			shellScript = "diff \"${PODS_PODFILE_DIR_PATH}/Podfile.lock\" \"${PODS_ROOT}/Manifest.lock\" > /dev/null\nif [ $? != 0 ] ; then\n    # print error to STDERR\n    echo \"error: The sandbox is not in sync with the Podfile.lock. Run 'pod install' or update your CocoaPods installation.\" >&2\n    exit 1\nfi\n# This output is used by Xcode 'outputs' to avoid re-running this script phase.\necho \"SUCCESS\" > \"${SCRIPT_OUTPUT_FILE_0}\"\n";
			showEnvVarsInLog = 0;
		};
		81B93492A52485D061615708 /* [CP] Check Pods Manifest.lock */ = {
			isa = PBXShellScriptBuildPhase;
			buildActionMask = 2147483647;
			files = (
			);
			inputFileListPaths = (
			);
			inputPaths = (
				"${PODS_PODFILE_DIR_PATH}/Podfile.lock",
				"${PODS_ROOT}/Manifest.lock",
			);
			name = "[CP] Check Pods Manifest.lock";
			outputFileListPaths = (
			);
			outputPaths = (
				"$(DERIVED_FILE_DIR)/Pods-MVVM-MVVMUITests-checkManifestLockResult.txt",
			);
			runOnlyForDeploymentPostprocessing = 0;
			shellPath = /bin/sh;
			shellScript = "diff \"${PODS_PODFILE_DIR_PATH}/Podfile.lock\" \"${PODS_ROOT}/Manifest.lock\" > /dev/null\nif [ $? != 0 ] ; then\n    # print error to STDERR\n    echo \"error: The sandbox is not in sync with the Podfile.lock. Run 'pod install' or update your CocoaPods installation.\" >&2\n    exit 1\nfi\n# This output is used by Xcode 'outputs' to avoid re-running this script phase.\necho \"SUCCESS\" > \"${SCRIPT_OUTPUT_FILE_0}\"\n";
			showEnvVarsInLog = 0;
		};
		C69DEE29750B5FC377BC4A49 /* [CP] Embed Pods Frameworks */ = {
			isa = PBXShellScriptBuildPhase;
			buildActionMask = 2147483647;
			files = (
			);
			inputFileListPaths = (
				"${PODS_ROOT}/Target Support Files/Pods-MVVM-MVVMUITests/Pods-MVVM-MVVMUITests-frameworks-${CONFIGURATION}-input-files.xcfilelist",
			);
			name = "[CP] Embed Pods Frameworks";
			outputFileListPaths = (
				"${PODS_ROOT}/Target Support Files/Pods-MVVM-MVVMUITests/Pods-MVVM-MVVMUITests-frameworks-${CONFIGURATION}-output-files.xcfilelist",
			);
			runOnlyForDeploymentPostprocessing = 0;
			shellPath = /bin/sh;
			shellScript = "\"${PODS_ROOT}/Target Support Files/Pods-MVVM-MVVMUITests/Pods-MVVM-MVVMUITests-frameworks.sh\"\n";
			showEnvVarsInLog = 0;
		};
		C76875229B6BBDBE23905459 /* [CP] Check Pods Manifest.lock */ = {
			isa = PBXShellScriptBuildPhase;
			buildActionMask = 2147483647;
			files = (
			);
			inputFileListPaths = (
			);
			inputPaths = (
				"${PODS_PODFILE_DIR_PATH}/Podfile.lock",
				"${PODS_ROOT}/Manifest.lock",
			);
			name = "[CP] Check Pods Manifest.lock";
			outputFileListPaths = (
			);
			outputPaths = (
				"$(DERIVED_FILE_DIR)/Pods-MVVM-checkManifestLockResult.txt",
			);
			runOnlyForDeploymentPostprocessing = 0;
			shellPath = /bin/sh;
			shellScript = "diff \"${PODS_PODFILE_DIR_PATH}/Podfile.lock\" \"${PODS_ROOT}/Manifest.lock\" > /dev/null\nif [ $? != 0 ] ; then\n    # print error to STDERR\n    echo \"error: The sandbox is not in sync with the Podfile.lock. Run 'pod install' or update your CocoaPods installation.\" >&2\n    exit 1\nfi\n# This output is used by Xcode 'outputs' to avoid re-running this script phase.\necho \"SUCCESS\" > \"${SCRIPT_OUTPUT_FILE_0}\"\n";
			showEnvVarsInLog = 0;
		};
/* End PBXShellScriptBuildPhase section */

/* Begin PBXSourcesBuildPhase section */
		C071586A26DA14920038CCC7 /* Sources */ = {
			isa = PBXSourcesBuildPhase;
			buildActionMask = 2147483647;
			files = (
				C071587626DA14920038CCC7 /* GithubRepositoryViewController.swift in Sources */,
				C0307D3A26DDA112009A2201 /* GithubSetting.swift in Sources */,
				C0B37B9C26E895DC007F0815 /* ReactiveWKWebview.swift in Sources */,
				C0307D3826DD9E18009A2201 /* GithubService.swift in Sources */,
				C090E42126E6C1CC0094CE24 /* GithubViewModel.swift in Sources */,
				C090E43226E75A430094CE24 /* ReactiveTextField.swift in Sources */,
				C090E42D26E731F00094CE24 /* GithubRepositoryTableViewCell.swift in Sources */,
				C090E41F26E658750094CE24 /* Networking.swift in Sources */,
				C056EAF226E9A82C00E226D7 /* ViewController.swift in Sources */,
				C071587226DA14920038CCC7 /* AppDelegate.swift in Sources */,
				C07158EB26DA2C820038CCC7 /* ServiceResult.swift in Sources */,
				C090E42F26E732900094CE24 /* TableViewCellType.swift in Sources */,
				C090E43A26E8838C0094CE24 /* WebViewViewModel.swift in Sources */,
				C090E43726E882C10094CE24 /* WebViewViewController.swift in Sources */,
				C07DCD7F26E8B41600F6FB8E /* MainCoordinator.swift in Sources */,
				C090E42526E6DE1C0094CE24 /* GithubService+Reactive.swift in Sources */,
				C07DCD7C26E8B36700F6FB8E /* CoordinatorType.swift in Sources */,
				C0307D3E26DDB6A5009A2201 /* ServiceError.swift in Sources */,
				C07158E226DA24770038CCC7 /* ViewType.swift in Sources */,
				C07158E426DA252C0038CCC7 /* ViewModelType.swift in Sources */,
				C090E42826E6E6400094CE24 /* ReactiveViewController.swift in Sources */,
				C0307D3C26DDA897009A2201 /* GithubRepository.swift in Sources */,
				C090E43426E8809E0094CE24 /* StringExtension.swift in Sources */,
				C071587426DA14920038CCC7 /* SceneDelegate.swift in Sources */,
				C07158E726DA2AB20038CCC7 /* UIView+Size.swift in Sources */,
				C0B37B9A26E893B7007F0815 /* WebView.swift in Sources */,
			);
			runOnlyForDeploymentPostprocessing = 0;
		};
		C071588026DA14950038CCC7 /* Sources */ = {
			isa = PBXSourcesBuildPhase;
			buildActionMask = 2147483647;
			files = (
				C071588926DA14950038CCC7 /* MVVMTests.swift in Sources */,
			);
			runOnlyForDeploymentPostprocessing = 0;
		};
		C071588B26DA14960038CCC7 /* Sources */ = {
			isa = PBXSourcesBuildPhase;
			buildActionMask = 2147483647;
			files = (
				C071589426DA14960038CCC7 /* MVVMUITests.swift in Sources */,
			);
			runOnlyForDeploymentPostprocessing = 0;
		};
/* End PBXSourcesBuildPhase section */

/* Begin PBXTargetDependency section */
		C071588626DA14950038CCC7 /* PBXTargetDependency */ = {
			isa = PBXTargetDependency;
			target = C071586D26DA14920038CCC7 /* MVVM */;
			targetProxy = C071588526DA14950038CCC7 /* PBXContainerItemProxy */;
		};
		C071589126DA14960038CCC7 /* PBXTargetDependency */ = {
			isa = PBXTargetDependency;
			target = C071586D26DA14920038CCC7 /* MVVM */;
			targetProxy = C071589026DA14960038CCC7 /* PBXContainerItemProxy */;
		};
/* End PBXTargetDependency section */

/* Begin PBXVariantGroup section */
		C071587C26DA14950038CCC7 /* LaunchScreen.storyboard */ = {
			isa = PBXVariantGroup;
			children = (
				C071587D26DA14950038CCC7 /* Base */,
			);
			name = LaunchScreen.storyboard;
			sourceTree = "<group>";
		};
/* End PBXVariantGroup section */

/* Begin XCBuildConfiguration section */
		C071589626DA14960038CCC7 /* Debug */ = {
			isa = XCBuildConfiguration;
			buildSettings = {
				ALWAYS_SEARCH_USER_PATHS = NO;
				CLANG_ANALYZER_NONNULL = YES;
				CLANG_ANALYZER_NUMBER_OBJECT_CONVERSION = YES_AGGRESSIVE;
				CLANG_CXX_LANGUAGE_STANDARD = "gnu++14";
				CLANG_CXX_LIBRARY = "libc++";
				CLANG_ENABLE_MODULES = YES;
				CLANG_ENABLE_OBJC_ARC = YES;
				CLANG_ENABLE_OBJC_WEAK = YES;
				CLANG_WARN_BLOCK_CAPTURE_AUTORELEASING = YES;
				CLANG_WARN_BOOL_CONVERSION = YES;
				CLANG_WARN_COMMA = YES;
				CLANG_WARN_CONSTANT_CONVERSION = YES;
				CLANG_WARN_DEPRECATED_OBJC_IMPLEMENTATIONS = YES;
				CLANG_WARN_DIRECT_OBJC_ISA_USAGE = YES_ERROR;
				CLANG_WARN_DOCUMENTATION_COMMENTS = YES;
				CLANG_WARN_EMPTY_BODY = YES;
				CLANG_WARN_ENUM_CONVERSION = YES;
				CLANG_WARN_INFINITE_RECURSION = YES;
				CLANG_WARN_INT_CONVERSION = YES;
				CLANG_WARN_NON_LITERAL_NULL_CONVERSION = YES;
				CLANG_WARN_OBJC_IMPLICIT_RETAIN_SELF = YES;
				CLANG_WARN_OBJC_LITERAL_CONVERSION = YES;
				CLANG_WARN_OBJC_ROOT_CLASS = YES_ERROR;
				CLANG_WARN_QUOTED_INCLUDE_IN_FRAMEWORK_HEADER = YES;
				CLANG_WARN_RANGE_LOOP_ANALYSIS = YES;
				CLANG_WARN_STRICT_PROTOTYPES = YES;
				CLANG_WARN_SUSPICIOUS_MOVE = YES;
				CLANG_WARN_UNGUARDED_AVAILABILITY = YES_AGGRESSIVE;
				CLANG_WARN_UNREACHABLE_CODE = YES;
				CLANG_WARN__DUPLICATE_METHOD_MATCH = YES;
				COPY_PHASE_STRIP = NO;
				DEBUG_INFORMATION_FORMAT = dwarf;
				ENABLE_STRICT_OBJC_MSGSEND = YES;
				ENABLE_TESTABILITY = YES;
				GCC_C_LANGUAGE_STANDARD = gnu11;
				GCC_DYNAMIC_NO_PIC = NO;
				GCC_NO_COMMON_BLOCKS = YES;
				GCC_OPTIMIZATION_LEVEL = 0;
				GCC_PREPROCESSOR_DEFINITIONS = (
					"DEBUG=1",
					"$(inherited)",
				);
				GCC_WARN_64_TO_32_BIT_CONVERSION = YES;
				GCC_WARN_ABOUT_RETURN_TYPE = YES_ERROR;
				GCC_WARN_UNDECLARED_SELECTOR = YES;
				GCC_WARN_UNINITIALIZED_AUTOS = YES_AGGRESSIVE;
				GCC_WARN_UNUSED_FUNCTION = YES;
				GCC_WARN_UNUSED_VARIABLE = YES;
				IPHONEOS_DEPLOYMENT_TARGET = 14.5;
				MTL_ENABLE_DEBUG_INFO = INCLUDE_SOURCE;
				MTL_FAST_MATH = YES;
				ONLY_ACTIVE_ARCH = YES;
				SDKROOT = iphoneos;
				SWIFT_ACTIVE_COMPILATION_CONDITIONS = DEBUG;
				SWIFT_OPTIMIZATION_LEVEL = "-Onone";
			};
			name = Debug;
		};
		C071589726DA14960038CCC7 /* Release */ = {
			isa = XCBuildConfiguration;
			buildSettings = {
				ALWAYS_SEARCH_USER_PATHS = NO;
				CLANG_ANALYZER_NONNULL = YES;
				CLANG_ANALYZER_NUMBER_OBJECT_CONVERSION = YES_AGGRESSIVE;
				CLANG_CXX_LANGUAGE_STANDARD = "gnu++14";
				CLANG_CXX_LIBRARY = "libc++";
				CLANG_ENABLE_MODULES = YES;
				CLANG_ENABLE_OBJC_ARC = YES;
				CLANG_ENABLE_OBJC_WEAK = YES;
				CLANG_WARN_BLOCK_CAPTURE_AUTORELEASING = YES;
				CLANG_WARN_BOOL_CONVERSION = YES;
				CLANG_WARN_COMMA = YES;
				CLANG_WARN_CONSTANT_CONVERSION = YES;
				CLANG_WARN_DEPRECATED_OBJC_IMPLEMENTATIONS = YES;
				CLANG_WARN_DIRECT_OBJC_ISA_USAGE = YES_ERROR;
				CLANG_WARN_DOCUMENTATION_COMMENTS = YES;
				CLANG_WARN_EMPTY_BODY = YES;
				CLANG_WARN_ENUM_CONVERSION = YES;
				CLANG_WARN_INFINITE_RECURSION = YES;
				CLANG_WARN_INT_CONVERSION = YES;
				CLANG_WARN_NON_LITERAL_NULL_CONVERSION = YES;
				CLANG_WARN_OBJC_IMPLICIT_RETAIN_SELF = YES;
				CLANG_WARN_OBJC_LITERAL_CONVERSION = YES;
				CLANG_WARN_OBJC_ROOT_CLASS = YES_ERROR;
				CLANG_WARN_QUOTED_INCLUDE_IN_FRAMEWORK_HEADER = YES;
				CLANG_WARN_RANGE_LOOP_ANALYSIS = YES;
				CLANG_WARN_STRICT_PROTOTYPES = YES;
				CLANG_WARN_SUSPICIOUS_MOVE = YES;
				CLANG_WARN_UNGUARDED_AVAILABILITY = YES_AGGRESSIVE;
				CLANG_WARN_UNREACHABLE_CODE = YES;
				CLANG_WARN__DUPLICATE_METHOD_MATCH = YES;
				COPY_PHASE_STRIP = NO;
				DEBUG_INFORMATION_FORMAT = "dwarf-with-dsym";
				ENABLE_NS_ASSERTIONS = NO;
				ENABLE_STRICT_OBJC_MSGSEND = YES;
				GCC_C_LANGUAGE_STANDARD = gnu11;
				GCC_NO_COMMON_BLOCKS = YES;
				GCC_WARN_64_TO_32_BIT_CONVERSION = YES;
				GCC_WARN_ABOUT_RETURN_TYPE = YES_ERROR;
				GCC_WARN_UNDECLARED_SELECTOR = YES;
				GCC_WARN_UNINITIALIZED_AUTOS = YES_AGGRESSIVE;
				GCC_WARN_UNUSED_FUNCTION = YES;
				GCC_WARN_UNUSED_VARIABLE = YES;
				IPHONEOS_DEPLOYMENT_TARGET = 14.5;
				MTL_ENABLE_DEBUG_INFO = NO;
				MTL_FAST_MATH = YES;
				SDKROOT = iphoneos;
				SWIFT_COMPILATION_MODE = wholemodule;
				SWIFT_OPTIMIZATION_LEVEL = "-O";
				VALIDATE_PRODUCT = YES;
			};
			name = Release;
		};
		C071589926DA14960038CCC7 /* Debug */ = {
			isa = XCBuildConfiguration;
			baseConfigurationReference = 2AB3B386F390F5EA727CA45C /* Pods-MVVM.debug.xcconfig */;
			buildSettings = {
				ASSETCATALOG_COMPILER_APPICON_NAME = AppIcon;
				ASSETCATALOG_COMPILER_GLOBAL_ACCENT_COLOR_NAME = AccentColor;
				CODE_SIGN_STYLE = Automatic;
				DEVELOPMENT_TEAM = 93P8MMPUWH;
				INFOPLIST_FILE = MVVM/Resource/Info.plist;
				LD_RUNPATH_SEARCH_PATHS = (
					"$(inherited)",
					"@executable_path/Frameworks",
				);
				PRODUCT_BUNDLE_IDENTIFIER = com.github.GSThecar.MVVM;
				PRODUCT_NAME = "$(TARGET_NAME)";
				SWIFT_VERSION = 5.0;
				TARGETED_DEVICE_FAMILY = 1;
			};
			name = Debug;
		};
		C071589A26DA14960038CCC7 /* Release */ = {
			isa = XCBuildConfiguration;
			baseConfigurationReference = 99BB7E310DF6A687960B6EA7 /* Pods-MVVM.release.xcconfig */;
			buildSettings = {
				ASSETCATALOG_COMPILER_APPICON_NAME = AppIcon;
				ASSETCATALOG_COMPILER_GLOBAL_ACCENT_COLOR_NAME = AccentColor;
				CODE_SIGN_STYLE = Automatic;
				DEVELOPMENT_TEAM = 93P8MMPUWH;
				INFOPLIST_FILE = MVVM/Resource/Info.plist;
				LD_RUNPATH_SEARCH_PATHS = (
					"$(inherited)",
					"@executable_path/Frameworks",
				);
				PRODUCT_BUNDLE_IDENTIFIER = com.github.GSThecar.MVVM;
				PRODUCT_NAME = "$(TARGET_NAME)";
				SWIFT_VERSION = 5.0;
				TARGETED_DEVICE_FAMILY = 1;
			};
			name = Release;
		};
		C071589C26DA14960038CCC7 /* Debug */ = {
			isa = XCBuildConfiguration;
			baseConfigurationReference = E720293772CAA31DEA24ED30 /* Pods-MVVMTests.debug.xcconfig */;
			buildSettings = {
				ALWAYS_EMBED_SWIFT_STANDARD_LIBRARIES = YES;
				BUNDLE_LOADER = "$(TEST_HOST)";
				CODE_SIGN_STYLE = Automatic;
				DEVELOPMENT_TEAM = 93P8MMPUWH;
				INFOPLIST_FILE = MVVMTests/Info.plist;
				IPHONEOS_DEPLOYMENT_TARGET = 14.5;
				LD_RUNPATH_SEARCH_PATHS = (
					"$(inherited)",
					"@executable_path/Frameworks",
					"@loader_path/Frameworks",
				);
				PRODUCT_BUNDLE_IDENTIFIER = com.github.GSThecar.MVVMTests;
				PRODUCT_NAME = "$(TARGET_NAME)";
				SWIFT_VERSION = 5.0;
				TARGETED_DEVICE_FAMILY = "1,2";
				TEST_HOST = "$(BUILT_PRODUCTS_DIR)/MVVM.app/MVVM";
			};
			name = Debug;
		};
		C071589D26DA14960038CCC7 /* Release */ = {
			isa = XCBuildConfiguration;
			baseConfigurationReference = 7AD9DB79FBAEBB0BAA276E7C /* Pods-MVVMTests.release.xcconfig */;
			buildSettings = {
				ALWAYS_EMBED_SWIFT_STANDARD_LIBRARIES = YES;
				BUNDLE_LOADER = "$(TEST_HOST)";
				CODE_SIGN_STYLE = Automatic;
				DEVELOPMENT_TEAM = 93P8MMPUWH;
				INFOPLIST_FILE = MVVMTests/Info.plist;
				IPHONEOS_DEPLOYMENT_TARGET = 14.5;
				LD_RUNPATH_SEARCH_PATHS = (
					"$(inherited)",
					"@executable_path/Frameworks",
					"@loader_path/Frameworks",
				);
				PRODUCT_BUNDLE_IDENTIFIER = com.github.GSThecar.MVVMTests;
				PRODUCT_NAME = "$(TARGET_NAME)";
				SWIFT_VERSION = 5.0;
				TARGETED_DEVICE_FAMILY = "1,2";
				TEST_HOST = "$(BUILT_PRODUCTS_DIR)/MVVM.app/MVVM";
			};
			name = Release;
		};
		C071589F26DA14960038CCC7 /* Debug */ = {
			isa = XCBuildConfiguration;
			baseConfigurationReference = 72B1B1A3FF3D39F5FD27E69D /* Pods-MVVM-MVVMUITests.debug.xcconfig */;
			buildSettings = {
				ALWAYS_EMBED_SWIFT_STANDARD_LIBRARIES = YES;
				CODE_SIGN_STYLE = Automatic;
				DEVELOPMENT_TEAM = 93P8MMPUWH;
				INFOPLIST_FILE = MVVMUITests/Info.plist;
				LD_RUNPATH_SEARCH_PATHS = (
					"$(inherited)",
					"@executable_path/Frameworks",
					"@loader_path/Frameworks",
				);
				PRODUCT_BUNDLE_IDENTIFIER = com.github.GSThecar.MVVMUITests;
				PRODUCT_NAME = "$(TARGET_NAME)";
				SWIFT_VERSION = 5.0;
				TARGETED_DEVICE_FAMILY = "1,2";
				TEST_TARGET_NAME = MVVM;
			};
			name = Debug;
		};
		C07158A026DA14960038CCC7 /* Release */ = {
			isa = XCBuildConfiguration;
			baseConfigurationReference = 53DB3A986EA05C8B18836D20 /* Pods-MVVM-MVVMUITests.release.xcconfig */;
			buildSettings = {
				ALWAYS_EMBED_SWIFT_STANDARD_LIBRARIES = YES;
				CODE_SIGN_STYLE = Automatic;
				DEVELOPMENT_TEAM = 93P8MMPUWH;
				INFOPLIST_FILE = MVVMUITests/Info.plist;
				LD_RUNPATH_SEARCH_PATHS = (
					"$(inherited)",
					"@executable_path/Frameworks",
					"@loader_path/Frameworks",
				);
				PRODUCT_BUNDLE_IDENTIFIER = com.github.GSThecar.MVVMUITests;
				PRODUCT_NAME = "$(TARGET_NAME)";
				SWIFT_VERSION = 5.0;
				TARGETED_DEVICE_FAMILY = "1,2";
				TEST_TARGET_NAME = MVVM;
			};
			name = Release;
		};
/* End XCBuildConfiguration section */

/* Begin XCConfigurationList section */
		C071586926DA14920038CCC7 /* Build configuration list for PBXProject "MVVM" */ = {
			isa = XCConfigurationList;
			buildConfigurations = (
				C071589626DA14960038CCC7 /* Debug */,
				C071589726DA14960038CCC7 /* Release */,
			);
			defaultConfigurationIsVisible = 0;
			defaultConfigurationName = Release;
		};
		C071589826DA14960038CCC7 /* Build configuration list for PBXNativeTarget "MVVM" */ = {
			isa = XCConfigurationList;
			buildConfigurations = (
				C071589926DA14960038CCC7 /* Debug */,
				C071589A26DA14960038CCC7 /* Release */,
			);
			defaultConfigurationIsVisible = 0;
			defaultConfigurationName = Release;
		};
		C071589B26DA14960038CCC7 /* Build configuration list for PBXNativeTarget "MVVMTests" */ = {
			isa = XCConfigurationList;
			buildConfigurations = (
				C071589C26DA14960038CCC7 /* Debug */,
				C071589D26DA14960038CCC7 /* Release */,
			);
			defaultConfigurationIsVisible = 0;
			defaultConfigurationName = Release;
		};
		C071589E26DA14960038CCC7 /* Build configuration list for PBXNativeTarget "MVVMUITests" */ = {
			isa = XCConfigurationList;
			buildConfigurations = (
				C071589F26DA14960038CCC7 /* Debug */,
				C07158A026DA14960038CCC7 /* Release */,
			);
			defaultConfigurationIsVisible = 0;
			defaultConfigurationName = Release;
		};
/* End XCConfigurationList section */
	};
	rootObject = C071586626DA14920038CCC7 /* Project object */;
}
